
Microsoft Visual Studio Solution File, Format Version 12.00
# Visual Studio Version 16
VisualStudioVersion = 16.0.30309.148
MinimumVisualStudioVersion = 10.0.40219.1
Project("{FAE04EC0-301F-11D3-BF4B-00C04F79EFBC}") = "HangmanGame", "HangmanGame\HangmanGame.csproj", "{5F3DDE00-F432-4683-8638-312BEDB7DDE8}"
EndProject
Global
	GlobalSection(SolutionConfigurationPlatforms) = preSolution
		Debug|Any CPU = Debug|Any CPU
		Release|Any CPU = Release|Any CPU
	EndGlobalSection
	GlobalSection(ProjectConfigurationPlatforms) = postSolution
		{5F3DDE00-F432-4683-8638-312BEDB7DDE8}.Debug|Any CPU.ActiveCfg = Debug|Any CPU
		{5F3DDE00-F432-4683-8638-312BEDB7DDE8}.Debug|Any CPU.Build.0 = Debug|Any CPU
		{5F3DDE00-F432-4683-8638-312BEDB7DDE8}.Release|Any CPU.ActiveCfg = Release|Any CPU
		{5F3DDE00-F432-4683-8638-312BEDB7DDE8}.Release|Any CPU.Build.0 = Release|Any CPU
	EndGlobalSection
	GlobalSection(SolutionProperties) = preSolution
		HideSolutionNode = FALSE
	EndGlobalSection
	GlobalSection(ExtensibilityGlobals) = postSolution
		SolutionGuid = {30C02854-F8D4-4AAF-861C-482F605B34F6}
	EndGlobalSection
EndGlobal
